
Microsoft Visual Studio Solution File, Format Version 12.00
# Visual Studio 15
VisualStudioVersion = 15.0.26730.15
MinimumVisualStudioVersion = 10.0.40219.1
Project("{FAE04EC0-301F-11D3-BF4B-00C04F79EFBC}") = "ExtractExcel", "ExtractExcel\ExtractExcel.csproj", "{8B5ACCEE-5273-4D11-8456-A9597C2F6305}"
EndProject
Project("{FAE04EC0-301F-11D3-BF4B-00C04F79EFBC}") = "ExtractExcel.LIB", "ExtractExcel.LIB\ExtractExcel.LIB.csproj", "{B91DE256-3C45-4937-BD82-8F2F840854F6}"
EndProject
Global
	GlobalSection(SolutionConfigurationPlatforms) = preSolution
		Debug|Any CPU = Debug|Any CPU
		Release|Any CPU = Release|Any CPU
	EndGlobalSection
	GlobalSection(ProjectConfigurationPlatforms) = postSolution
		{8B5ACCEE-5273-4D11-8456-A9597C2F6305}.Debug|Any CPU.ActiveCfg = Debug|Any CPU
		{8B5ACCEE-5273-4D11-8456-A9597C2F6305}.Debug|Any CPU.Build.0 = Debug|Any CPU
		{8B5ACCEE-5273-4D11-8456-A9597C2F6305}.Release|Any CPU.ActiveCfg = Release|Any CPU
		{8B5ACCEE-5273-4D11-8456-A9597C2F6305}.Release|Any CPU.Build.0 = Release|Any CPU
		{B91DE256-3C45-4937-BD82-8F2F840854F6}.Debug|Any CPU.ActiveCfg = Debug|Any CPU
		{B91DE256-3C45-4937-BD82-8F2F840854F6}.Debug|Any CPU.Build.0 = Debug|Any CPU
		{B91DE256-3C45-4937-BD82-8F2F840854F6}.Release|Any CPU.ActiveCfg = Release|Any CPU
		{B91DE256-3C45-4937-BD82-8F2F840854F6}.Release|Any CPU.Build.0 = Release|Any CPU
	EndGlobalSection
	GlobalSection(SolutionProperties) = preSolution
		HideSolutionNode = FALSE
	EndGlobalSection
	GlobalSection(ExtensibilityGlobals) = postSolution
		SolutionGuid = {9F09065E-8A48-4119-85CC-D950BC9BA4CE}
	EndGlobalSection
EndGlobal
