
Microsoft Visual Studio Solution File, Format Version 12.00
# Visual Studio 15
VisualStudioVersion = 15.0.26730.15
MinimumVisualStudioVersion = 10.0.40219.1
Project("{FAE04EC0-301F-11D3-BF4B-00C04F79EFBC}") = "ExtractPDFSchedule3", "ExtractPDFSchedule3\ExtractPDFSchedule3.csproj", "{6972A7B8-666A-4353-BCA8-FEFE371664F8}"
EndProject
Project("{FAE04EC0-301F-11D3-BF4B-00C04F79EFBC}") = "ExtractPDF.Lib", "ExtractPDF.Lib\ExtractPDF.Lib.csproj", "{35D9649F-0E5C-440A-BAE0-D03EDCA91342}"
EndProject
Global
	GlobalSection(SolutionConfigurationPlatforms) = preSolution
		Debug|Any CPU = Debug|Any CPU
		Release|Any CPU = Release|Any CPU
	EndGlobalSection
	GlobalSection(ProjectConfigurationPlatforms) = postSolution
		{6972A7B8-666A-4353-BCA8-FEFE371664F8}.Debug|Any CPU.ActiveCfg = Debug|Any CPU
		{6972A7B8-666A-4353-BCA8-FEFE371664F8}.Debug|Any CPU.Build.0 = Debug|Any CPU
		{6972A7B8-666A-4353-BCA8-FEFE371664F8}.Release|Any CPU.ActiveCfg = Release|Any CPU
		{6972A7B8-666A-4353-BCA8-FEFE371664F8}.Release|Any CPU.Build.0 = Release|Any CPU
		{35D9649F-0E5C-440A-BAE0-D03EDCA91342}.Debug|Any CPU.ActiveCfg = Debug|Any CPU
		{35D9649F-0E5C-440A-BAE0-D03EDCA91342}.Debug|Any CPU.Build.0 = Debug|Any CPU
		{35D9649F-0E5C-440A-BAE0-D03EDCA91342}.Release|Any CPU.ActiveCfg = Release|Any CPU
		{35D9649F-0E5C-440A-BAE0-D03EDCA91342}.Release|Any CPU.Build.0 = Release|Any CPU
	EndGlobalSection
	GlobalSection(SolutionProperties) = preSolution
		HideSolutionNode = FALSE
	EndGlobalSection
	GlobalSection(ExtensibilityGlobals) = postSolution
		SolutionGuid = {4223A4DB-9972-4F0B-9EB8-933F5A55AAB2}
	EndGlobalSection
EndGlobal
