
Microsoft Visual Studio Solution File, Format Version 12.00
# Visual Studio 15
VisualStudioVersion = 15.0.26730.16
MinimumVisualStudioVersion = 10.0.40219.1
Project("{FAE04EC0-301F-11D3-BF4B-00C04F79EFBC}") = "ExtractExcelATS", "ExtractExcelATS\ExtractExcelATS.csproj", "{55949364-56AF-42C5-8E47-57F490653DF0}"
EndProject
Project("{FAE04EC0-301F-11D3-BF4B-00C04F79EFBC}") = "ExtractExcel.LIB", "ExtractExcel.LIB\ExtractExcel.LIB.csproj", "{4EE74604-A21B-48C6-B1B0-002D5587B4C5}"
EndProject
Global
	GlobalSection(SolutionConfigurationPlatforms) = preSolution
		Debug|Any CPU = Debug|Any CPU
		Release|Any CPU = Release|Any CPU
	EndGlobalSection
	GlobalSection(ProjectConfigurationPlatforms) = postSolution
		{55949364-56AF-42C5-8E47-57F490653DF0}.Debug|Any CPU.ActiveCfg = Debug|Any CPU
		{55949364-56AF-42C5-8E47-57F490653DF0}.Debug|Any CPU.Build.0 = Debug|Any CPU
		{55949364-56AF-42C5-8E47-57F490653DF0}.Release|Any CPU.ActiveCfg = Release|Any CPU
		{55949364-56AF-42C5-8E47-57F490653DF0}.Release|Any CPU.Build.0 = Release|Any CPU
		{4EE74604-A21B-48C6-B1B0-002D5587B4C5}.Debug|Any CPU.ActiveCfg = Debug|Any CPU
		{4EE74604-A21B-48C6-B1B0-002D5587B4C5}.Debug|Any CPU.Build.0 = Debug|Any CPU
		{4EE74604-A21B-48C6-B1B0-002D5587B4C5}.Release|Any CPU.ActiveCfg = Release|Any CPU
		{4EE74604-A21B-48C6-B1B0-002D5587B4C5}.Release|Any CPU.Build.0 = Release|Any CPU
	EndGlobalSection
	GlobalSection(SolutionProperties) = preSolution
		HideSolutionNode = FALSE
	EndGlobalSection
	GlobalSection(ExtensibilityGlobals) = postSolution
		SolutionGuid = {17FE672C-4FD0-427C-9060-F329B53807FD}
	EndGlobalSection
EndGlobal
