
Microsoft Visual Studio Solution File, Format Version 12.00
# Visual Studio 15
VisualStudioVersion = 15.0.26730.15
MinimumVisualStudioVersion = 10.0.40219.1
Project("{FAE04EC0-301F-11D3-BF4B-00C04F79EFBC}") = "ExtractPDFSchedule3", "ExtractPDFSchedule3\ExtractPDFSchedule3.csproj", "{A42B6500-48DF-46E4-9AF1-778CC1D8B81A}"
EndProject
Global
	GlobalSection(SolutionConfigurationPlatforms) = preSolution
		Debug|Any CPU = Debug|Any CPU
		Release|Any CPU = Release|Any CPU
	EndGlobalSection
	GlobalSection(ProjectConfigurationPlatforms) = postSolution
		{A42B6500-48DF-46E4-9AF1-778CC1D8B81A}.Debug|Any CPU.ActiveCfg = Debug|Any CPU
		{A42B6500-48DF-46E4-9AF1-778CC1D8B81A}.Debug|Any CPU.Build.0 = Debug|Any CPU
		{A42B6500-48DF-46E4-9AF1-778CC1D8B81A}.Release|Any CPU.ActiveCfg = Release|Any CPU
		{A42B6500-48DF-46E4-9AF1-778CC1D8B81A}.Release|Any CPU.Build.0 = Release|Any CPU
	EndGlobalSection
	GlobalSection(SolutionProperties) = preSolution
		HideSolutionNode = FALSE
	EndGlobalSection
	GlobalSection(ExtensibilityGlobals) = postSolution
		SolutionGuid = {582500B3-BA9C-466D-8121-2C6E0A944CE6}
	EndGlobalSection
EndGlobal
